// !$*UTF8*$!
{
	archiveVersion = 1;
	classes = {
	};
	objectVersion = 55;
	objects = {

/* Begin PBXBuildFile section */
		3A979D00BB866B2341593C68 /* Pods_SampleTest.framework in Frameworks */ = {isa = PBXBuildFile; fileRef = 9542BAB66F0CEED12D314940 /* Pods_SampleTest.framework */; };
		9E27820C27C4A72B0054329B /* AppDelegate.swift in Sources */ = {isa = PBXBuildFile; fileRef = 9E27820B27C4A72B0054329B /* AppDelegate.swift */; };
		9E27820E27C4A72B0054329B /* SceneDelegate.swift in Sources */ = {isa = PBXBuildFile; fileRef = 9E27820D27C4A72B0054329B /* SceneDelegate.swift */; };
		9E27821027C4A72B0054329B /* ViewController.swift in Sources */ = {isa = PBXBuildFile; fileRef = 9E27820F27C4A72B0054329B /* ViewController.swift */; };
		9E27821527C4A72C0054329B /* Assets.xcassets in Resources */ = {isa = PBXBuildFile; fileRef = 9E27821427C4A72C0054329B /* Assets.xcassets */; };
		9E27821827C4A72C0054329B /* LaunchScreen.storyboard in Resources */ = {isa = PBXBuildFile; fileRef = 9E27821627C4A72C0054329B /* LaunchScreen.storyboard */; };
		9E27822027C4ABB20054329B /* GoogleService-Info.plist in Resources */ = {isa = PBXBuildFile; fileRef = 9E27821F27C4ABB20054329B /* GoogleService-Info.plist */; };
		9E85A0CE27C76236004AE353 /* Model.swift in Sources */ = {isa = PBXBuildFile; fileRef = 9E85A0CD27C76236004AE353 /* Model.swift */; };
		9EE1A10927C63074003D69E6 /* HomeVC.swift in Sources */ = {isa = PBXBuildFile; fileRef = 9EE1A10827C63074003D69E6 /* HomeVC.swift */; };
		9EE1A10B27C63B53003D69E6 /* Extensions.swift in Sources */ = {isa = PBXBuildFile; fileRef = 9EE1A10A27C63B53003D69E6 /* Extensions.swift */; };
		9EE1A10D27C64971003D69E6 /* HomeTableCell.swift in Sources */ = {isa = PBXBuildFile; fileRef = 9EE1A10C27C64971003D69E6 /* HomeTableCell.swift */; };
/* End PBXBuildFile section */

/* Begin PBXFileReference section */
		35B9B9B19ADB8A4A1DAE6F94 /* Pods-SampleTest.debug.xcconfig */ = {isa = PBXFileReference; includeInIndex = 1; lastKnownFileType = text.xcconfig; name = "Pods-SampleTest.debug.xcconfig"; path = "Target Support Files/Pods-SampleTest/Pods-SampleTest.debug.xcconfig"; sourceTree = "<group>"; };
		3BC564541BAF4824E3A0844B /* Pods-SampleTest.release.xcconfig */ = {isa = PBXFileReference; includeInIndex = 1; lastKnownFileType = text.xcconfig; name = "Pods-SampleTest.release.xcconfig"; path = "Target Support Files/Pods-SampleTest/Pods-SampleTest.release.xcconfig"; sourceTree = "<group>"; };
		9542BAB66F0CEED12D314940 /* Pods_SampleTest.framework */ = {isa = PBXFileReference; explicitFileType = wrapper.framework; includeInIndex = 0; path = Pods_SampleTest.framework; sourceTree = BUILT_PRODUCTS_DIR; };
		9E27820827C4A72B0054329B /* SampleTest.app */ = {isa = PBXFileReference; explicitFileType = wrapper.application; includeInIndex = 0; path = SampleTest.app; sourceTree = BUILT_PRODUCTS_DIR; };
		9E27820B27C4A72B0054329B /* AppDelegate.swift */ = {isa = PBXFileReference; lastKnownFileType = sourcecode.swift; path = AppDelegate.swift; sourceTree = "<group>"; };
		9E27820D27C4A72B0054329B /* SceneDelegate.swift */ = {isa = PBXFileReference; lastKnownFileType = sourcecode.swift; path = SceneDelegate.swift; sourceTree = "<group>"; };
		9E27820F27C4A72B0054329B /* ViewController.swift */ = {isa = PBXFileReference; lastKnownFileType = sourcecode.swift; path = ViewController.swift; sourceTree = "<group>"; };
		9E27821427C4A72C0054329B /* Assets.xcassets */ = {isa = PBXFileReference; lastKnownFileType = folder.assetcatalog; path = Assets.xcassets; sourceTree = "<group>"; };
		9E27821727C4A72C0054329B /* Base */ = {isa = PBXFileReference; lastKnownFileType = file.storyboard; name = Base; path = Base.lproj/LaunchScreen.storyboard; sourceTree = "<group>"; };
		9E27821927C4A72C0054329B /* Info.plist */ = {isa = PBXFileReference; lastKnownFileType = text.plist.xml; path = Info.plist; sourceTree = "<group>"; };
		9E27821F27C4ABB20054329B /* GoogleService-Info.plist */ = {isa = PBXFileReference; lastKnownFileType = text.plist; path = "GoogleService-Info.plist"; sourceTree = SOURCE_ROOT; };
		9E85A0CD27C76236004AE353 /* Model.swift */ = {isa = PBXFileReference; lastKnownFileType = sourcecode.swift; path = Model.swift; sourceTree = "<group>"; };
		9EE1A10827C63074003D69E6 /* HomeVC.swift */ = {isa = PBXFileReference; lastKnownFileType = sourcecode.swift; path = HomeVC.swift; sourceTree = "<group>"; };
		9EE1A10A27C63B53003D69E6 /* Extensions.swift */ = {isa = PBXFileReference; lastKnownFileType = sourcecode.swift; path = Extensions.swift; sourceTree = "<group>"; };
		9EE1A10C27C64971003D69E6 /* HomeTableCell.swift */ = {isa = PBXFileReference; lastKnownFileType = sourcecode.swift; path = HomeTableCell.swift; sourceTree = "<group>"; };
/* End PBXFileReference section */

/* Begin PBXFrameworksBuildPhase section */
		9E27820527C4A72B0054329B /* Frameworks */ = {
			isa = PBXFrameworksBuildPhase;
			buildActionMask = 2147483647;
			files = (
				3A979D00BB866B2341593C68 /* Pods_SampleTest.framework in Frameworks */,
			);
			runOnlyForDeploymentPostprocessing = 0;
		};
/* End PBXFrameworksBuildPhase section */

/* Begin PBXGroup section */
		0C09B472809FAFD64E0B4C73 /* Pods */ = {
			isa = PBXGroup;
			children = (
				35B9B9B19ADB8A4A1DAE6F94 /* Pods-SampleTest.debug.xcconfig */,
				3BC564541BAF4824E3A0844B /* Pods-SampleTest.release.xcconfig */,
			);
			path = Pods;
			sourceTree = "<group>";
		};
		9E2781FF27C4A72B0054329B = {
			isa = PBXGroup;
			children = (
				9E27820A27C4A72B0054329B /* SampleTest */,
				9E27820927C4A72B0054329B /* Products */,
				0C09B472809FAFD64E0B4C73 /* Pods */,
				E8739316F55CB4C766CB6472 /* Frameworks */,
			);
			sourceTree = "<group>";
		};
		9E27820927C4A72B0054329B /* Products */ = {
			isa = PBXGroup;
			children = (
				9E27820827C4A72B0054329B /* SampleTest.app */,
			);
			name = Products;
			sourceTree = "<group>";
		};
		9E27820A27C4A72B0054329B /* SampleTest */ = {
			isa = PBXGroup;
			children = (
				9EE1A10727C63036003D69E6 /* ViewContollers */,
				9E27820B27C4A72B0054329B /* AppDelegate.swift */,
				9E27820D27C4A72B0054329B /* SceneDelegate.swift */,
				9E27821427C4A72C0054329B /* Assets.xcassets */,
				9E27821627C4A72C0054329B /* LaunchScreen.storyboard */,
				9E27821927C4A72C0054329B /* Info.plist */,
				9E27821F27C4ABB20054329B /* GoogleService-Info.plist */,
				9EE1A10A27C63B53003D69E6 /* Extensions.swift */,
				9EE1A10C27C64971003D69E6 /* HomeTableCell.swift */,
				9E85A0CD27C76236004AE353 /* Model.swift */,
			);
			path = SampleTest;
			sourceTree = "<group>";
		};
		9EE1A10727C63036003D69E6 /* ViewContollers */ = {
			isa = PBXGroup;
			children = (
				9E27820F27C4A72B0054329B /* ViewController.swift */,
				9EE1A10827C63074003D69E6 /* HomeVC.swift */,
			);
			path = ViewContollers;
			sourceTree = "<group>";
		};
		E8739316F55CB4C766CB6472 /* Frameworks */ = {
			isa = PBXGroup;
			children = (
				9542BAB66F0CEED12D314940 /* Pods_SampleTest.framework */,
			);
			name = Frameworks;
			sourceTree = "<group>";
		};
/* End PBXGroup section */

/* Begin PBXNativeTarget section */
		9E27820727C4A72B0054329B /* SampleTest */ = {
			isa = PBXNativeTarget;
			buildConfigurationList = 9E27821C27C4A72C0054329B /* Build configuration list for PBXNativeTarget "SampleTest" */;
			buildPhases = (
				F64092BC98FB45CDAF0036D8 /* [CP] Check Pods Manifest.lock */,
				9E27820427C4A72B0054329B /* Sources */,
				9E27820527C4A72B0054329B /* Frameworks */,
				9E27820627C4A72B0054329B /* Resources */,
				7DD5AB754D186500FDB62379 /* [CP] Embed Pods Frameworks */,
			);
			buildRules = (
			);
			dependencies = (
			);
			name = SampleTest;
			productName = SampleTest;
			productReference = 9E27820827C4A72B0054329B /* SampleTest.app */;
			productType = "com.apple.product-type.application";
		};
/* End PBXNativeTarget section */

/* Begin PBXProject section */
		9E27820027C4A72B0054329B /* Project object */ = {
			isa = PBXProject;
			attributes = {
				BuildIndependentTargetsInParallel = 1;
				LastSwiftUpdateCheck = 1300;
				LastUpgradeCheck = 1300;
				TargetAttributes = {
					9E27820727C4A72B0054329B = {
						CreatedOnToolsVersion = 13.0;
					};
				};
			};
			buildConfigurationList = 9E27820327C4A72B0054329B /* Build configuration list for PBXProject "SampleTest" */;
			compatibilityVersion = "Xcode 13.0";
			developmentRegion = en;
			hasScannedForEncodings = 0;
			knownRegions = (
				en,
				Base,
			);
			mainGroup = 9E2781FF27C4A72B0054329B;
			productRefGroup = 9E27820927C4A72B0054329B /* Products */;
			projectDirPath = "";
			projectRoot = "";
			targets = (
				9E27820727C4A72B0054329B /* SampleTest */,
			);
		};
/* End PBXProject section */

/* Begin PBXResourcesBuildPhase section */
		9E27820627C4A72B0054329B /* Resources */ = {
			isa = PBXResourcesBuildPhase;
			buildActionMask = 2147483647;
			files = (
				9E27821827C4A72C0054329B /* LaunchScreen.storyboard in Resources */,
				9E27822027C4ABB20054329B /* GoogleService-Info.plist in Resources */,
				9E27821527C4A72C0054329B /* Assets.xcassets in Resources */,
			);
			runOnlyForDeploymentPostprocessing = 0;
		};
/* End PBXResourcesBuildPhase section */

/* Begin PBXShellScriptBuildPhase section */
		7DD5AB754D186500FDB62379 /* [CP] Embed Pods Frameworks */ = {
			isa = PBXShellScriptBuildPhase;
			buildActionMask = 2147483647;
			files = (
			);
			inputFileListPaths = (
				"${PODS_ROOT}/Target Support Files/Pods-SampleTest/Pods-SampleTest-frameworks-${CONFIGURATION}-input-files.xcfilelist",
			);
			name = "[CP] Embed Pods Frameworks";
			outputFileListPaths = (
				"${PODS_ROOT}/Target Support Files/Pods-SampleTest/Pods-SampleTest-frameworks-${CONFIGURATION}-output-files.xcfilelist",
			);
			runOnlyForDeploymentPostprocessing = 0;
			shellPath = /bin/sh;
			shellScript = "\"${PODS_ROOT}/Target Support Files/Pods-SampleTest/Pods-SampleTest-frameworks.sh\"\n";
			showEnvVarsInLog = 0;
		};
		F64092BC98FB45CDAF0036D8 /* [CP] Check Pods Manifest.lock */ = {
			isa = PBXShellScriptBuildPhase;
			buildActionMask = 2147483647;
			files = (
			);
			inputFileListPaths = (
			);
			inputPaths = (
				"${PODS_PODFILE_DIR_PATH}/Podfile.lock",
				"${PODS_ROOT}/Manifest.lock",
			);
			name = "[CP] Check Pods Manifest.lock";
			outputFileListPaths = (
			);
			outputPaths = (
				"$(DERIVED_FILE_DIR)/Pods-SampleTest-checkManifestLockResult.txt",
			);
			runOnlyForDeploymentPostprocessing = 0;
			shellPath = /bin/sh;
			shellScript = "diff \"${PODS_PODFILE_DIR_PATH}/Podfile.lock\" \"${PODS_ROOT}/Manifest.lock\" > /dev/null\nif [ $? != 0 ] ; then\n    # print error to STDERR\n    echo \"error: The sandbox is not in sync with the Podfile.lock. Run 'pod install' or update your CocoaPods installation.\" >&2\n    exit 1\nfi\n# This output is used by Xcode 'outputs' to avoid re-running this script phase.\necho \"SUCCESS\" > \"${SCRIPT_OUTPUT_FILE_0}\"\n";
			showEnvVarsInLog = 0;
		};
/* End PBXShellScriptBuildPhase section */

/* Begin PBXSourcesBuildPhase section */
		9E27820427C4A72B0054329B /* Sources */ = {
			isa = PBXSourcesBuildPhase;
			buildActionMask = 2147483647;
			files = (
				9EE1A10B27C63B53003D69E6 /* Extensions.swift in Sources */,
				9E27821027C4A72B0054329B /* ViewController.swift in Sources */,
				9EE1A10927C63074003D69E6 /* HomeVC.swift in Sources */,
				9E27820C27C4A72B0054329B /* AppDelegate.swift in Sources */,
				9E27820E27C4A72B0054329B /* SceneDelegate.swift in Sources */,
				9E85A0CE27C76236004AE353 /* Model.swift in Sources */,
				9EE1A10D27C64971003D69E6 /* HomeTableCell.swift in Sources */,
			);
			runOnlyForDeploymentPostprocessing = 0;
		};
/* End PBXSourcesBuildPhase section */

/* Begin PBXVariantGroup section */
		9E27821627C4A72C0054329B /* LaunchScreen.storyboard */ = {
			isa = PBXVariantGroup;
			children = (
				9E27821727C4A72C0054329B /* Base */,
			);
			name = LaunchScreen.storyboard;
			sourceTree = "<group>";
		};
/* End PBXVariantGroup section */

/* Begin XCBuildConfiguration section */
		9E27821A27C4A72C0054329B /* Debug */ = {
			isa = XCBuildConfiguration;
			buildSettings = {
				ALWAYS_SEARCH_USER_PATHS = NO;
				CLANG_ANALYZER_NONNULL = YES;
				CLANG_ANALYZER_NUMBER_OBJECT_CONVERSION = YES_AGGRESSIVE;
				CLANG_CXX_LANGUAGE_STANDARD = "gnu++17";
				CLANG_CXX_LIBRARY = "libc++";
				CLANG_ENABLE_MODULES = YES;
				CLANG_ENABLE_OBJC_ARC = YES;
				CLANG_ENABLE_OBJC_WEAK = YES;
				CLANG_WARN_BLOCK_CAPTURE_AUTORELEASING = YES;
				CLANG_WARN_BOOL_CONVERSION = YES;
				CLANG_WARN_COMMA = YES;
				CLANG_WARN_CONSTANT_CONVERSION = YES;
				CLANG_WARN_DEPRECATED_OBJC_IMPLEMENTATIONS = YES;
				CLANG_WARN_DIRECT_OBJC_ISA_USAGE = YES_ERROR;
				CLANG_WARN_DOCUMENTATION_COMMENTS = YES;
				CLANG_WARN_EMPTY_BODY = YES;
				CLANG_WARN_ENUM_CONVERSION = YES;
				CLANG_WARN_INFINITE_RECURSION = YES;
				CLANG_WARN_INT_CONVERSION = YES;
				CLANG_WARN_NON_LITERAL_NULL_CONVERSION = YES;
				CLANG_WARN_OBJC_IMPLICIT_RETAIN_SELF = YES;
				CLANG_WARN_OBJC_LITERAL_CONVERSION = YES;
				CLANG_WARN_OBJC_ROOT_CLASS = YES_ERROR;
				CLANG_WARN_QUOTED_INCLUDE_IN_FRAMEWORK_HEADER = YES;
				CLANG_WARN_RANGE_LOOP_ANALYSIS = YES;
				CLANG_WARN_STRICT_PROTOTYPES = YES;
				CLANG_WARN_SUSPICIOUS_MOVE = YES;
				CLANG_WARN_UNGUARDED_AVAILABILITY = YES_AGGRESSIVE;
				CLANG_WARN_UNREACHABLE_CODE = YES;
				CLANG_WARN__DUPLICATE_METHOD_MATCH = YES;
				COPY_PHASE_STRIP = NO;
				DEBUG_INFORMATION_FORMAT = dwarf;
				ENABLE_STRICT_OBJC_MSGSEND = YES;
				ENABLE_TESTABILITY = YES;
				GCC_C_LANGUAGE_STANDARD = gnu11;
				GCC_DYNAMIC_NO_PIC = NO;
				GCC_NO_COMMON_BLOCKS = YES;
				GCC_OPTIMIZATION_LEVEL = 0;
				GCC_PREPROCESSOR_DEFINITIONS = (
					"DEBUG=1",
					"$(inherited)",
				);
				GCC_WARN_64_TO_32_BIT_CONVERSION = YES;
				GCC_WARN_ABOUT_RETURN_TYPE = YES_ERROR;
				GCC_WARN_UNDECLARED_SELECTOR = YES;
				GCC_WARN_UNINITIALIZED_AUTOS = YES_AGGRESSIVE;
				GCC_WARN_UNUSED_FUNCTION = YES;
				GCC_WARN_UNUSED_VARIABLE = YES;
				IPHONEOS_DEPLOYMENT_TARGET = 13.0;
				MTL_ENABLE_DEBUG_INFO = INCLUDE_SOURCE;
				MTL_FAST_MATH = YES;
				ONLY_ACTIVE_ARCH = YES;
				SDKROOT = iphoneos;
				SWIFT_ACTIVE_COMPILATION_CONDITIONS = DEBUG;
				SWIFT_OPTIMIZATION_LEVEL = "-Onone";
			};
			name = Debug;
		};
		9E27821B27C4A72C0054329B /* Release */ = {
			isa = XCBuildConfiguration;
			buildSettings = {
				ALWAYS_SEARCH_USER_PATHS = NO;
				CLANG_ANALYZER_NONNULL = YES;
				CLANG_ANALYZER_NUMBER_OBJECT_CONVERSION = YES_AGGRESSIVE;
				CLANG_CXX_LANGUAGE_STANDARD = "gnu++17";
				CLANG_CXX_LIBRARY = "libc++";
				CLANG_ENABLE_MODULES = YES;
				CLANG_ENABLE_OBJC_ARC = YES;
				CLANG_ENABLE_OBJC_WEAK = YES;
				CLANG_WARN_BLOCK_CAPTURE_AUTORELEASING = YES;
				CLANG_WARN_BOOL_CONVERSION = YES;
				CLANG_WARN_COMMA = YES;
				CLANG_WARN_CONSTANT_CONVERSION = YES;
				CLANG_WARN_DEPRECATED_OBJC_IMPLEMENTATIONS = YES;
				CLANG_WARN_DIRECT_OBJC_ISA_USAGE = YES_ERROR;
				CLANG_WARN_DOCUMENTATION_COMMENTS = YES;
				CLANG_WARN_EMPTY_BODY = YES;
				CLANG_WARN_ENUM_CONVERSION = YES;
				CLANG_WARN_INFINITE_RECURSION = YES;
				CLANG_WARN_INT_CONVERSION = YES;
				CLANG_WARN_NON_LITERAL_NULL_CONVERSION = YES;
				CLANG_WARN_OBJC_IMPLICIT_RETAIN_SELF = YES;
				CLANG_WARN_OBJC_LITERAL_CONVERSION = YES;
				CLANG_WARN_OBJC_ROOT_CLASS = YES_ERROR;
				CLANG_WARN_QUOTED_INCLUDE_IN_FRAMEWORK_HEADER = YES;
				CLANG_WARN_RANGE_LOOP_ANALYSIS = YES;
				CLANG_WARN_STRICT_PROTOTYPES = YES;
				CLANG_WARN_SUSPICIOUS_MOVE = YES;
				CLANG_WARN_UNGUARDED_AVAILABILITY = YES_AGGRESSIVE;
				CLANG_WARN_UNREACHABLE_CODE = YES;
				CLANG_WARN__DUPLICATE_METHOD_MATCH = YES;
				COPY_PHASE_STRIP = NO;
				DEBUG_INFORMATION_FORMAT = "dwarf-with-dsym";
				ENABLE_NS_ASSERTIONS = NO;
				ENABLE_STRICT_OBJC_MSGSEND = YES;
				GCC_C_LANGUAGE_STANDARD = gnu11;
				GCC_NO_COMMON_BLOCKS = YES;
				GCC_WARN_64_TO_32_BIT_CONVERSION = YES;
				GCC_WARN_ABOUT_RETURN_TYPE = YES_ERROR;
				GCC_WARN_UNDECLARED_SELECTOR = YES;
				GCC_WARN_UNINITIALIZED_AUTOS = YES_AGGRESSIVE;
				GCC_WARN_UNUSED_FUNCTION = YES;
				GCC_WARN_UNUSED_VARIABLE = YES;
				IPHONEOS_DEPLOYMENT_TARGET = 13.0;
				MTL_ENABLE_DEBUG_INFO = NO;
				MTL_FAST_MATH = YES;
				SDKROOT = iphoneos;
				SWIFT_COMPILATION_MODE = wholemodule;
				SWIFT_OPTIMIZATION_LEVEL = "-O";
				VALIDATE_PRODUCT = YES;
			};
			name = Release;
		};
		9E27821D27C4A72C0054329B /* Debug */ = {
			isa = XCBuildConfiguration;
			baseConfigurationReference = 35B9B9B19ADB8A4A1DAE6F94 /* Pods-SampleTest.debug.xcconfig */;
			buildSettings = {
				ASSETCATALOG_COMPILER_APPICON_NAME = AppIcon;
				ASSETCATALOG_COMPILER_GLOBAL_ACCENT_COLOR_NAME = AccentColor;
				CODE_SIGN_STYLE = Automatic;
				CURRENT_PROJECT_VERSION = 1;
				"EXCLUDED_ARCHS[sdk=iphonesimulator*]" = arm64;
				GENERATE_INFOPLIST_FILE = YES;
				INFOPLIST_FILE = SampleTest/Info.plist;
				INFOPLIST_KEY_UIApplicationSupportsIndirectInputEvents = YES;
				INFOPLIST_KEY_UILaunchStoryboardName = LaunchScreen;
				INFOPLIST_KEY_UISupportedInterfaceOrientations = UIInterfaceOrientationPortrait;
				INFOPLIST_KEY_UISupportedInterfaceOrientations_iPad = "UIInterfaceOrientationPortrait UIInterfaceOrientationPortraitUpsideDown UIInterfaceOrientationLandscapeLeft UIInterfaceOrientationLandscapeRight";
				INFOPLIST_KEY_UISupportedInterfaceOrientations_iPhone = "UIInterfaceOrientationPortrait UIInterfaceOrientationLandscapeLeft UIInterfaceOrientationLandscapeRight";
				LD_RUNPATH_SEARCH_PATHS = (
					"$(inherited)",
					"@executable_path/Frameworks",
				);
				MARKETING_VERSION = 1.0;
				PRODUCT_BUNDLE_IDENTIFIER = com.skillhub.SampleTest;
				PRODUCT_NAME = "$(TARGET_NAME)";
				SWIFT_EMIT_LOC_STRINGS = YES;
				SWIFT_VERSION = 5.0;
				TARGETED_DEVICE_FAMILY = 1;
			};
			name = Debug;
		};
		9E27821E27C4A72C0054329B /* Release */ = {
			isa = XCBuildConfiguration;
			baseConfigurationReference = 3BC564541BAF4824E3A0844B /* Pods-SampleTest.release.xcconfig */;
			buildSettings = {
				ASSETCATALOG_COMPILER_APPICON_NAME = AppIcon;
				ASSETCATALOG_COMPILER_GLOBAL_ACCENT_COLOR_NAME = AccentColor;
				CODE_SIGN_STYLE = Automatic;
				CURRENT_PROJECT_VERSION = 1;
				"EXCLUDED_ARCHS[sdk=iphonesimulator*]" = arm64;
				GENERATE_INFOPLIST_FILE = YES;
				INFOPLIST_FILE = SampleTest/Info.plist;
				INFOPLIST_KEY_UIApplicationSupportsIndirectInputEvents = YES;
				INFOPLIST_KEY_UILaunchStoryboardName = LaunchScreen;
				INFOPLIST_KEY_UISupportedInterfaceOrientations = UIInterfaceOrientationPortrait;
				INFOPLIST_KEY_UISupportedInterfaceOrientations_iPad = "UIInterfaceOrientationPortrait UIInterfaceOrientationPortraitUpsideDown UIInterfaceOrientationLandscapeLeft UIInterfaceOrientationLandscapeRight";
				INFOPLIST_KEY_UISupportedInterfaceOrientations_iPhone = "UIInterfaceOrientationPortrait UIInterfaceOrientationLandscapeLeft UIInterfaceOrientationLandscapeRight";
				LD_RUNPATH_SEARCH_PATHS = (
					"$(inherited)",
					"@executable_path/Frameworks",
				);
				MARKETING_VERSION = 1.0;
				PRODUCT_BUNDLE_IDENTIFIER = com.skillhub.SampleTest;
				PRODUCT_NAME = "$(TARGET_NAME)";
				SWIFT_EMIT_LOC_STRINGS = YES;
				SWIFT_VERSION = 5.0;
				TARGETED_DEVICE_FAMILY = 1;
			};
			name = Release;
		};
/* End XCBuildConfiguration section */

/* Begin XCConfigurationList section */
		9E27820327C4A72B0054329B /* Build configuration list for PBXProject "SampleTest" */ = {
			isa = XCConfigurationList;
			buildConfigurations = (
				9E27821A27C4A72C0054329B /* Debug */,
				9E27821B27C4A72C0054329B /* Release */,
			);
			defaultConfigurationIsVisible = 0;
			defaultConfigurationName = Release;
		};
		9E27821C27C4A72C0054329B /* Build configuration list for PBXNativeTarget "SampleTest" */ = {
			isa = XCConfigurationList;
			buildConfigurations = (
				9E27821D27C4A72C0054329B /* Debug */,
				9E27821E27C4A72C0054329B /* Release */,
			);
			defaultConfigurationIsVisible = 0;
			defaultConfigurationName = Release;
		};
/* End XCConfigurationList section */
	};
	rootObject = 9E27820027C4A72B0054329B /* Project object */;
}
